// !$*UTF8*$!
{
	archiveVersion = 1;
	classes = {
	};
	objectVersion = 50;
	objects = {

/* Begin PBXBuildFile section */
		8D33CA1021ECDBED00FEAE33 /* AppDelegate.swift in Sources */ = {isa = PBXBuildFile; fileRef = 8D33CA0F21ECDBED00FEAE33 /* AppDelegate.swift */; };
		8D33CA1221ECDBED00FEAE33 /* ViewController.swift in Sources */ = {isa = PBXBuildFile; fileRef = 8D33CA1121ECDBED00FEAE33 /* ViewController.swift */; };
		8D33CA1521ECDBED00FEAE33 /* Main.storyboard in Resources */ = {isa = PBXBuildFile; fileRef = 8D33CA1321ECDBED00FEAE33 /* Main.storyboard */; };
		8D33CA1721ECDBEF00FEAE33 /* Assets.xcassets in Resources */ = {isa = PBXBuildFile; fileRef = 8D33CA1621ECDBEF00FEAE33 /* Assets.xcassets */; };
		8D33CA1A21ECDBEF00FEAE33 /* LaunchScreen.storyboard in Resources */ = {isa = PBXBuildFile; fileRef = 8D33CA1821ECDBEF00FEAE33 /* LaunchScreen.storyboard */; };
		8D33CA2621ED642500FEAE33 /* StudentLocation.swift in Sources */ = {isa = PBXBuildFile; fileRef = 8D33CA2521ED642500FEAE33 /* StudentLocation.swift */; };
		8D33CA2921ED653C00FEAE33 /* ApiConstants.swift in Sources */ = {isa = PBXBuildFile; fileRef = 8D33CA2821ED653C00FEAE33 /* ApiConstants.swift */; };
		8D33CA2B21ED654800FEAE33 /* ApiClient.swift in Sources */ = {isa = PBXBuildFile; fileRef = 8D33CA2A21ED654800FEAE33 /* ApiClient.swift */; };
/* End PBXBuildFile section */

/* Begin PBXFileReference section */
		8D33CA0C21ECDBED00FEAE33 /* OnTheMap.app */ = {isa = PBXFileReference; explicitFileType = wrapper.application; includeInIndex = 0; path = OnTheMap.app; sourceTree = BUILT_PRODUCTS_DIR; };
		8D33CA0F21ECDBED00FEAE33 /* AppDelegate.swift */ = {isa = PBXFileReference; lastKnownFileType = sourcecode.swift; path = AppDelegate.swift; sourceTree = "<group>"; };
		8D33CA1121ECDBED00FEAE33 /* ViewController.swift */ = {isa = PBXFileReference; lastKnownFileType = sourcecode.swift; path = ViewController.swift; sourceTree = "<group>"; };
		8D33CA1421ECDBED00FEAE33 /* Base */ = {isa = PBXFileReference; lastKnownFileType = file.storyboard; name = Base; path = Base.lproj/Main.storyboard; sourceTree = "<group>"; };
		8D33CA1621ECDBEF00FEAE33 /* Assets.xcassets */ = {isa = PBXFileReference; lastKnownFileType = folder.assetcatalog; path = Assets.xcassets; sourceTree = "<group>"; };
		8D33CA1921ECDBEF00FEAE33 /* Base */ = {isa = PBXFileReference; lastKnownFileType = file.storyboard; name = Base; path = Base.lproj/LaunchScreen.storyboard; sourceTree = "<group>"; };
		8D33CA1B21ECDBEF00FEAE33 /* Info.plist */ = {isa = PBXFileReference; lastKnownFileType = text.plist.xml; path = Info.plist; sourceTree = "<group>"; };
		8D33CA2521ED642500FEAE33 /* StudentLocation.swift */ = {isa = PBXFileReference; lastKnownFileType = sourcecode.swift; path = StudentLocation.swift; sourceTree = "<group>"; };
		8D33CA2821ED653C00FEAE33 /* ApiConstants.swift */ = {isa = PBXFileReference; lastKnownFileType = sourcecode.swift; path = ApiConstants.swift; sourceTree = "<group>"; };
		8D33CA2A21ED654800FEAE33 /* ApiClient.swift */ = {isa = PBXFileReference; lastKnownFileType = sourcecode.swift; path = ApiClient.swift; sourceTree = "<group>"; };
/* End PBXFileReference section */

/* Begin PBXFrameworksBuildPhase section */
		8D33CA0921ECDBED00FEAE33 /* Frameworks */ = {
			isa = PBXFrameworksBuildPhase;
			buildActionMask = 2147483647;
			files = (
			);
			runOnlyForDeploymentPostprocessing = 0;
		};
/* End PBXFrameworksBuildPhase section */

/* Begin PBXGroup section */
		8D33CA0321ECDBED00FEAE33 = {
			isa = PBXGroup;
			children = (
				8D33CA0E21ECDBED00FEAE33 /* OnTheMap */,
				8D33CA0D21ECDBED00FEAE33 /* Products */,
			);
			sourceTree = "<group>";
		};
		8D33CA0D21ECDBED00FEAE33 /* Products */ = {
			isa = PBXGroup;
			children = (
				8D33CA0C21ECDBED00FEAE33 /* OnTheMap.app */,
			);
			name = Products;
			sourceTree = "<group>";
		};
		8D33CA0E21ECDBED00FEAE33 /* OnTheMap */ = {
			isa = PBXGroup;
			children = (
				8D33CA2721ED652C00FEAE33 /* Network */,
				8D33CA2421ECE29E00FEAE33 /* Supporting Files */,
				8D33CA2321ECE29300FEAE33 /* View */,
				8D33CA2221ECE28D00FEAE33 /* Controller */,
				8D33CA2121ECE28700FEAE33 /* Model */,
				8D33CA0F21ECDBED00FEAE33 /* AppDelegate.swift */,
				8D33CA1321ECDBED00FEAE33 /* Main.storyboard */,
			);
			path = OnTheMap;
			sourceTree = "<group>";
		};
		8D33CA2121ECE28700FEAE33 /* Model */ = {
			isa = PBXGroup;
			children = (
				8D33CA2521ED642500FEAE33 /* StudentLocation.swift */,
			);
			path = Model;
			sourceTree = "<group>";
		};
		8D33CA2221ECE28D00FEAE33 /* Controller */ = {
			isa = PBXGroup;
			children = (
				8D33CA1121ECDBED00FEAE33 /* ViewController.swift */,
			);
			path = Controller;
			sourceTree = "<group>";
		};
		8D33CA2321ECE29300FEAE33 /* View */ = {
			isa = PBXGroup;
			children = (
			);
			path = View;
			sourceTree = "<group>";
		};
		8D33CA2421ECE29E00FEAE33 /* Supporting Files */ = {
			isa = PBXGroup;
			children = (
				8D33CA1621ECDBEF00FEAE33 /* Assets.xcassets */,
				8D33CA1821ECDBEF00FEAE33 /* LaunchScreen.storyboard */,
				8D33CA1B21ECDBEF00FEAE33 /* Info.plist */,
			);
			path = "Supporting Files";
			sourceTree = "<group>";
		};
		8D33CA2721ED652C00FEAE33 /* Network */ = {
			isa = PBXGroup;
			children = (
				8D33CA2821ED653C00FEAE33 /* ApiConstants.swift */,
				8D33CA2A21ED654800FEAE33 /* ApiClient.swift */,
			);
			path = Network;
			sourceTree = "<group>";
		};
/* End PBXGroup section */

/* Begin PBXNativeTarget section */
		8D33CA0B21ECDBED00FEAE33 /* OnTheMap */ = {
			isa = PBXNativeTarget;
			buildConfigurationList = 8D33CA1E21ECDBEF00FEAE33 /* Build configuration list for PBXNativeTarget "OnTheMap" */;
			buildPhases = (
				8D33CA0821ECDBED00FEAE33 /* Sources */,
				8D33CA0921ECDBED00FEAE33 /* Frameworks */,
				8D33CA0A21ECDBED00FEAE33 /* Resources */,
			);
			buildRules = (
			);
			dependencies = (
			);
			name = OnTheMap;
			productName = OnTheMap;
			productReference = 8D33CA0C21ECDBED00FEAE33 /* OnTheMap.app */;
			productType = "com.apple.product-type.application";
		};
/* End PBXNativeTarget section */

/* Begin PBXProject section */
		8D33CA0421ECDBED00FEAE33 /* Project object */ = {
			isa = PBXProject;
			attributes = {
				LastSwiftUpdateCheck = 1010;
				LastUpgradeCheck = 1010;
				ORGANIZATIONNAME = "Marcos Vinicius Goncalves Contente";
				TargetAttributes = {
					8D33CA0B21ECDBED00FEAE33 = {
						CreatedOnToolsVersion = 10.1;
					};
				};
			};
			buildConfigurationList = 8D33CA0721ECDBED00FEAE33 /* Build configuration list for PBXProject "OnTheMap" */;
			compatibilityVersion = "Xcode 9.3";
			developmentRegion = en;
			hasScannedForEncodings = 0;
			knownRegions = (
				en,
				Base,
			);
			mainGroup = 8D33CA0321ECDBED00FEAE33;
			productRefGroup = 8D33CA0D21ECDBED00FEAE33 /* Products */;
			projectDirPath = "";
			projectRoot = "";
			targets = (
				8D33CA0B21ECDBED00FEAE33 /* OnTheMap */,
			);
		};
/* End PBXProject section */

/* Begin PBXResourcesBuildPhase section */
		8D33CA0A21ECDBED00FEAE33 /* Resources */ = {
			isa = PBXResourcesBuildPhase;
			buildActionMask = 2147483647;
			files = (
				8D33CA1A21ECDBEF00FEAE33 /* LaunchScreen.storyboard in Resources */,
				8D33CA1721ECDBEF00FEAE33 /* Assets.xcassets in Resources */,
				8D33CA1521ECDBED00FEAE33 /* Main.storyboard in Resources */,
			);
			runOnlyForDeploymentPostprocessing = 0;
		};
/* End PBXResourcesBuildPhase section */

/* Begin PBXSourcesBuildPhase section */
		8D33CA0821ECDBED00FEAE33 /* Sources */ = {
			isa = PBXSourcesBuildPhase;
			buildActionMask = 2147483647;
			files = (
				8D33CA2921ED653C00FEAE33 /* ApiConstants.swift in Sources */,
				8D33CA2621ED642500FEAE33 /* StudentLocation.swift in Sources */,
				8D33CA1221ECDBED00FEAE33 /* ViewController.swift in Sources */,
				8D33CA1021ECDBED00FEAE33 /* AppDelegate.swift in Sources */,
				8D33CA2B21ED654800FEAE33 /* ApiClient.swift in Sources */,
			);
			runOnlyForDeploymentPostprocessing = 0;
		};
/* End PBXSourcesBuildPhase section */

/* Begin PBXVariantGroup section */
		8D33CA1321ECDBED00FEAE33 /* Main.storyboard */ = {
			isa = PBXVariantGroup;
			children = (
				8D33CA1421ECDBED00FEAE33 /* Base */,
			);
			name = Main.storyboard;
			sourceTree = "<group>";
		};
		8D33CA1821ECDBEF00FEAE33 /* LaunchScreen.storyboard */ = {
			isa = PBXVariantGroup;
			children = (
				8D33CA1921ECDBEF00FEAE33 /* Base */,
			);
			name = LaunchScreen.storyboard;
			sourceTree = "<group>";
		};
/* End PBXVariantGroup section */

/* Begin XCBuildConfiguration section */
		8D33CA1C21ECDBEF00FEAE33 /* Debug */ = {
			isa = XCBuildConfiguration;
			buildSettings = {
				ALWAYS_SEARCH_USER_PATHS = NO;
				CLANG_ANALYZER_NONNULL = YES;
				CLANG_ANALYZER_NUMBER_OBJECT_CONVERSION = YES_AGGRESSIVE;
				CLANG_CXX_LANGUAGE_STANDARD = "gnu++14";
				CLANG_CXX_LIBRARY = "libc++";
				CLANG_ENABLE_MODULES = YES;
				CLANG_ENABLE_OBJC_ARC = YES;
				CLANG_ENABLE_OBJC_WEAK = YES;
				CLANG_WARN_BLOCK_CAPTURE_AUTORELEASING = YES;
				CLANG_WARN_BOOL_CONVERSION = YES;
				CLANG_WARN_COMMA = YES;
				CLANG_WARN_CONSTANT_CONVERSION = YES;
				CLANG_WARN_DEPRECATED_OBJC_IMPLEMENTATIONS = YES;
				CLANG_WARN_DIRECT_OBJC_ISA_USAGE = YES_ERROR;
				CLANG_WARN_DOCUMENTATION_COMMENTS = YES;
				CLANG_WARN_EMPTY_BODY = YES;
				CLANG_WARN_ENUM_CONVERSION = YES;
				CLANG_WARN_INFINITE_RECURSION = YES;
				CLANG_WARN_INT_CONVERSION = YES;
				CLANG_WARN_NON_LITERAL_NULL_CONVERSION = YES;
				CLANG_WARN_OBJC_IMPLICIT_RETAIN_SELF = YES;
				CLANG_WARN_OBJC_LITERAL_CONVERSION = YES;
				CLANG_WARN_OBJC_ROOT_CLASS = YES_ERROR;
				CLANG_WARN_RANGE_LOOP_ANALYSIS = YES;
				CLANG_WARN_STRICT_PROTOTYPES = YES;
				CLANG_WARN_SUSPICIOUS_MOVE = YES;
				CLANG_WARN_UNGUARDED_AVAILABILITY = YES_AGGRESSIVE;
				CLANG_WARN_UNREACHABLE_CODE = YES;
				CLANG_WARN__DUPLICATE_METHOD_MATCH = YES;
				CODE_SIGN_IDENTITY = "iPhone Developer";
				COPY_PHASE_STRIP = NO;
				DEBUG_INFORMATION_FORMAT = dwarf;
				ENABLE_STRICT_OBJC_MSGSEND = YES;
				ENABLE_TESTABILITY = YES;
				GCC_C_LANGUAGE_STANDARD = gnu11;
				GCC_DYNAMIC_NO_PIC = NO;
				GCC_NO_COMMON_BLOCKS = YES;
				GCC_OPTIMIZATION_LEVEL = 0;
				GCC_PREPROCESSOR_DEFINITIONS = (
					"DEBUG=1",
					"$(inherited)",
				);
				GCC_WARN_64_TO_32_BIT_CONVERSION = YES;
				GCC_WARN_ABOUT_RETURN_TYPE = YES_ERROR;
				GCC_WARN_UNDECLARED_SELECTOR = YES;
				GCC_WARN_UNINITIALIZED_AUTOS = YES_AGGRESSIVE;
				GCC_WARN_UNUSED_FUNCTION = YES;
				GCC_WARN_UNUSED_VARIABLE = YES;
				IPHONEOS_DEPLOYMENT_TARGET = 12.1;
				MTL_ENABLE_DEBUG_INFO = INCLUDE_SOURCE;
				MTL_FAST_MATH = YES;
				ONLY_ACTIVE_ARCH = YES;
				SDKROOT = iphoneos;
				SWIFT_ACTIVE_COMPILATION_CONDITIONS = DEBUG;
				SWIFT_OPTIMIZATION_LEVEL = "-Onone";
			};
			name = Debug;
		};
		8D33CA1D21ECDBEF00FEAE33 /* Release */ = {
			isa = XCBuildConfiguration;
			buildSettings = {
				ALWAYS_SEARCH_USER_PATHS = NO;
				CLANG_ANALYZER_NONNULL = YES;
				CLANG_ANALYZER_NUMBER_OBJECT_CONVERSION = YES_AGGRESSIVE;
				CLANG_CXX_LANGUAGE_STANDARD = "gnu++14";
				CLANG_CXX_LIBRARY = "libc++";
				CLANG_ENABLE_MODULES = YES;
				CLANG_ENABLE_OBJC_ARC = YES;
				CLANG_ENABLE_OBJC_WEAK = YES;
				CLANG_WARN_BLOCK_CAPTURE_AUTORELEASING = YES;
				CLANG_WARN_BOOL_CONVERSION = YES;
				CLANG_WARN_COMMA = YES;
				CLANG_WARN_CONSTANT_CONVERSION = YES;
				CLANG_WARN_DEPRECATED_OBJC_IMPLEMENTATIONS = YES;
				CLANG_WARN_DIRECT_OBJC_ISA_USAGE = YES_ERROR;
				CLANG_WARN_DOCUMENTATION_COMMENTS = YES;
				CLANG_WARN_EMPTY_BODY = YES;
				CLANG_WARN_ENUM_CONVERSION = YES;
				CLANG_WARN_INFINITE_RECURSION = YES;
				CLANG_WARN_INT_CONVERSION = YES;
				CLANG_WARN_NON_LITERAL_NULL_CONVERSION = YES;
				CLANG_WARN_OBJC_IMPLICIT_RETAIN_SELF = YES;
				CLANG_WARN_OBJC_LITERAL_CONVERSION = YES;
				CLANG_WARN_OBJC_ROOT_CLASS = YES_ERROR;
				CLANG_WARN_RANGE_LOOP_ANALYSIS = YES;
				CLANG_WARN_STRICT_PROTOTYPES = YES;
				CLANG_WARN_SUSPICIOUS_MOVE = YES;
				CLANG_WARN_UNGUARDED_AVAILABILITY = YES_AGGRESSIVE;
				CLANG_WARN_UNREACHABLE_CODE = YES;
				CLANG_WARN__DUPLICATE_METHOD_MATCH = YES;
				CODE_SIGN_IDENTITY = "iPhone Developer";
				COPY_PHASE_STRIP = NO;
				DEBUG_INFORMATION_FORMAT = "dwarf-with-dsym";
				ENABLE_NS_ASSERTIONS = NO;
				ENABLE_STRICT_OBJC_MSGSEND = YES;
				GCC_C_LANGUAGE_STANDARD = gnu11;
				GCC_NO_COMMON_BLOCKS = YES;
				GCC_WARN_64_TO_32_BIT_CONVERSION = YES;
				GCC_WARN_ABOUT_RETURN_TYPE = YES_ERROR;
				GCC_WARN_UNDECLARED_SELECTOR = YES;
				GCC_WARN_UNINITIALIZED_AUTOS = YES_AGGRESSIVE;
				GCC_WARN_UNUSED_FUNCTION = YES;
				GCC_WARN_UNUSED_VARIABLE = YES;
				IPHONEOS_DEPLOYMENT_TARGET = 12.1;
				MTL_ENABLE_DEBUG_INFO = NO;
				MTL_FAST_MATH = YES;
				SDKROOT = iphoneos;
				SWIFT_COMPILATION_MODE = wholemodule;
				SWIFT_OPTIMIZATION_LEVEL = "-O";
				VALIDATE_PRODUCT = YES;
			};
			name = Release;
		};
		8D33CA1F21ECDBEF00FEAE33 /* Debug */ = {
			isa = XCBuildConfiguration;
			buildSettings = {
				ASSETCATALOG_COMPILER_APPICON_NAME = AppIcon;
				CODE_SIGN_STYLE = Automatic;
				INFOPLIST_FILE = OnTheMap/Info.plist;
				LD_RUNPATH_SEARCH_PATHS = (
					"$(inherited)",
					"@executable_path/Frameworks",
				);
				PRODUCT_BUNDLE_IDENTIFIER = marcoscontente.OnTheMap;
				PRODUCT_NAME = "$(TARGET_NAME)";
				SWIFT_VERSION = 4.2;
				TARGETED_DEVICE_FAMILY = "1,2";
			};
			name = Debug;
		};
		8D33CA2021ECDBEF00FEAE33 /* Release */ = {
			isa = XCBuildConfiguration;
			buildSettings = {
				ASSETCATALOG_COMPILER_APPICON_NAME = AppIcon;
				CODE_SIGN_STYLE = Automatic;
				INFOPLIST_FILE = OnTheMap/Info.plist;
				LD_RUNPATH_SEARCH_PATHS = (
					"$(inherited)",
					"@executable_path/Frameworks",
				);
				PRODUCT_BUNDLE_IDENTIFIER = marcoscontente.OnTheMap;
				PRODUCT_NAME = "$(TARGET_NAME)";
				SWIFT_VERSION = 4.2;
				TARGETED_DEVICE_FAMILY = "1,2";
			};
			name = Release;
		};
/* End XCBuildConfiguration section */

/* Begin XCConfigurationList section */
		8D33CA0721ECDBED00FEAE33 /* Build configuration list for PBXProject "OnTheMap" */ = {
			isa = XCConfigurationList;
			buildConfigurations = (
				8D33CA1C21ECDBEF00FEAE33 /* Debug */,
				8D33CA1D21ECDBEF00FEAE33 /* Release */,
			);
			defaultConfigurationIsVisible = 0;
			defaultConfigurationName = Release;
		};
		8D33CA1E21ECDBEF00FEAE33 /* Build configuration list for PBXNativeTarget "OnTheMap" */ = {
			isa = XCConfigurationList;
			buildConfigurations = (
				8D33CA1F21ECDBEF00FEAE33 /* Debug */,
				8D33CA2021ECDBEF00FEAE33 /* Release */,
			);
			defaultConfigurationIsVisible = 0;
			defaultConfigurationName = Release;
		};
/* End XCConfigurationList section */
	};
	rootObject = 8D33CA0421ECDBED00FEAE33 /* Project object */;
}
